
Microsoft Visual Studio Solution File, Format Version 12.00
# Visual Studio Version 17
VisualStudioVersion = 17.6.33723.286
MinimumVisualStudioVersion = 10.0.40219.1
Project("{FAE04EC0-301F-11D3-BF4B-00C04F79EFBC}") = "BlazorTemplate.Server", "BlazorTemplate\Server\BlazorTemplate.Server.csproj", "{3EFF1E44-E419-4503-BD80-ED23F5823A68}"
EndProject
Project("{FAE04EC0-301F-11D3-BF4B-00C04F79EFBC}") = "BlazorTemplate.Client", "BlazorTemplate\Client\BlazorTemplate.Client.csproj", "{AD2112D7-F1DF-4DB2-9C0C-8988BC21123D}"
EndProject
Project("{FAE04EC0-301F-11D3-BF4B-00C04F79EFBC}") = "BlazorTemplate.Shared", "BlazorTemplate\Shared\BlazorTemplate.Shared.csproj", "{4601CE3B-C761-4345-BAB5-87BC254FE5A8}"
EndProject
Global
	GlobalSection(SolutionConfigurationPlatforms) = preSolution
		Debug|Any CPU = Debug|Any CPU
		Release|Any CPU = Release|Any CPU
	EndGlobalSection
	GlobalSection(ProjectConfigurationPlatforms) = postSolution
		{3EFF1E44-E419-4503-BD80-ED23F5823A68}.Debug|Any CPU.ActiveCfg = Debug|Any CPU
		{3EFF1E44-E419-4503-BD80-ED23F5823A68}.Debug|Any CPU.Build.0 = Debug|Any CPU
		{3EFF1E44-E419-4503-BD80-ED23F5823A68}.Release|Any CPU.ActiveCfg = Release|Any CPU
		{3EFF1E44-E419-4503-BD80-ED23F5823A68}.Release|Any CPU.Build.0 = Release|Any CPU
		{AD2112D7-F1DF-4DB2-9C0C-8988BC21123D}.Debug|Any CPU.ActiveCfg = Debug|Any CPU
		{AD2112D7-F1DF-4DB2-9C0C-8988BC21123D}.Debug|Any CPU.Build.0 = Debug|Any CPU
		{AD2112D7-F1DF-4DB2-9C0C-8988BC21123D}.Release|Any CPU.ActiveCfg = Release|Any CPU
		{AD2112D7-F1DF-4DB2-9C0C-8988BC21123D}.Release|Any CPU.Build.0 = Release|Any CPU
		{4601CE3B-C761-4345-BAB5-87BC254FE5A8}.Debug|Any CPU.ActiveCfg = Debug|Any CPU
		{4601CE3B-C761-4345-BAB5-87BC254FE5A8}.Debug|Any CPU.Build.0 = Debug|Any CPU
		{4601CE3B-C761-4345-BAB5-87BC254FE5A8}.Release|Any CPU.ActiveCfg = Release|Any CPU
		{4601CE3B-C761-4345-BAB5-87BC254FE5A8}.Release|Any CPU.Build.0 = Release|Any CPU
	EndGlobalSection
	GlobalSection(SolutionProperties) = preSolution
		HideSolutionNode = FALSE
	EndGlobalSection
	GlobalSection(ExtensibilityGlobals) = postSolution
		SolutionGuid = {0DF7D7FC-9F72-4640-B2A6-AF2938D35F9E}
	EndGlobalSection
EndGlobal
